{
    "name": "ngxs-data",
    "version": "0.0.0",
    "lockfileVersion": 1,
    "requires": true,
    "dependencies": {
        "eslint-plugin-prettier": {
            "version": "3.1.2",
            "resolved": "https://registry.npmjs.org/eslint-plugin-prettier/-/eslint-plugin-prettier-3.1.2.tgz",
            "integrity": "sha512-GlolCC9y3XZfv3RQfwGew7NnuFDKsfI4lbvRK+PIIo23SFH+LemGs4cKwzAaRa+Mdb+lQO/STaIayno8T5sJJA==",
            "dev": true,
            "requires": {
                "prettier-linter-helpers": "1.0.0"
            }
        },
        "fast-diff": {
            "version": "1.2.0",
            "resolved": "https://registry.npmjs.org/fast-diff/-/fast-diff-1.2.0.tgz",
            "integrity": "sha512-xJuoT5+L99XlZ8twedaRf6Ax2TgQVxvgZOYoPKqZufmJib0tL2tegPBOZb1pVNgIhlqDlA0eO0c3wBvQcmzx4w==",
            "dev": true
        },
        "prettier-linter-helpers": {
            "version": "1.0.0",
            "resolved": "https://registry.npmjs.org/prettier-linter-helpers/-/prettier-linter-helpers-1.0.0.tgz",
            "integrity": "sha512-GbK2cP9nraSSUF9N2XwUwqfzlAFlMNYYl+ShE/V+H8a9uNl/oUqB1w2EL54Jh0OlyRSd8RfWYJ3coVS4TROP2w==",
            "dev": true,
            "requires": {
                "fast-diff": "1.2.0"
            }
        }
    }
}
